
Microsoft Visual Studio Solution File, Format Version 12.00
# Visual Studio Version 17
VisualStudioVersion = 17.0.31903.59
MinimumVisualStudioVersion = 10.0.40219.1
Project("{FAE04EC0-301F-11D3-BF4B-00C04F79EFBC}") = "TaskNotifierService", "TaskNotifierService\TaskNotifierService.csproj", "{418A6EED-C4EF-44AA-B3E0-811AE0C8458C}"
EndProject
Global
	GlobalSection(SolutionConfigurationPlatforms) = preSolution
		Debug|Any CPU = Debug|Any CPU
		Release|Any CPU = Release|Any CPU
	EndGlobalSection
	GlobalSection(ProjectConfigurationPlatforms) = postSolution
		{418A6EED-C4EF-44AA-B3E0-811AE0C8458C}.Debug|Any CPU.ActiveCfg = Debug|Any CPU
		{418A6EED-C4EF-44AA-B3E0-811AE0C8458C}.Debug|Any CPU.Build.0 = Debug|Any CPU
		{418A6EED-C4EF-44AA-B3E0-811AE0C8458C}.Release|Any CPU.ActiveCfg = Release|Any CPU
		{418A6EED-C4EF-44AA-B3E0-811AE0C8458C}.Release|Any CPU.Build.0 = Release|Any CPU
	EndGlobalSection
	GlobalSection(SolutionProperties) = preSolution
		HideSolutionNode = FALSE
	EndGlobalSection
	GlobalSection(ExtensibilityGlobals) = postSolution
		SolutionGuid = {21A4448A-C825-4875-A86C-3FE3326CEB82}
	EndGlobalSection
EndGlobal
